<?xml version="1.0" encoding="utf-8"?>
<Project ToolsVersion="4.0" xmlns="http://schemas.microsoft.com/developer/msbuild/2003">
  <ItemGroup>
    <Filter Include="Source Files">
      <UniqueIdentifier>{4FC737F1-C7A5-4376-A066-2A32D752A2FF}</UniqueIdentifier>
      <Extensions>cpp;c;cc;cxx;c++;cppm;ixx;def;odl;idl;hpj;bat;asm;asmx</Extensions>
    </Filter>
    <Filter Include="Header Files">
      <UniqueIdentifier>{93995380-89BD-4b04-88EB-625FBE52EBFB}</UniqueIdentifier>
      <Extensions>h;hh;hpp;hxx;h++;hm;inl;inc;ipp;xsd</Extensions>
    </Filter>
    <Filter Include="Resource Files">
      <UniqueIdentifier>{67DA6AB6-F800-4c08-8B7A-83BB121AAD01}</UniqueIdentifier>
      <Extensions>rc;ico;cur;bmp;dlg;rc2;rct;bin;rgs;gif;jpg;jpeg;jpe;resx;tiff;tif;png;wav;mfcribbon-ms</Extensions>
    </Filter>
  </ItemGroup>
  <ItemGroup>
    <ClCompile Include="main.cpp">
      <Filter>Source Files</Filter>
    </ClCompile>
    <ClCompile Include="Player.cpp">
      <Filter>Source Files</Filter>
    </ClCompile>
    <ClCompile Include="Game.cpp">
      <Filter>Source Files</Filter>
    </ClCompile>
    <ClCompile Include="InteractiveObject.cpp">
      <Filter>Source Files</Filter>
    </ClCompile>
    <ClCompile Include="Map.cpp">
      <Filter>Source Files</Filter>
    </ClCompile>
    <ClCompile Include="GameObject.cpp">
      <Filter>Source Files</Filter>
    </ClCompile>
    <ClCompile Include="Puzzle.cpp">
      <Filter>Source Files</Filter>
    </ClCompile>
    <ClCompile Include="Clocks.cpp">
      <Filter>Source Files</Filter>
    </ClCompile>
    <ClCompile Include="Mirrors.cpp">
      <Filter>Source Files</Filter>
    </ClCompile>
    <ClCompile Include="Posters.cpp">
      <Filter>Source Files</Filter>
    </ClCompile>
    <ClCompile Include="Phones.cpp">
      <Filter>Source Files</Filter>
    </ClCompile>
    <ClCompile Include="Letters.cpp">
      <Filter>Source Files</Filter>
    </ClCompile>
    <ClCompile Include="Suitcase.cpp">
      <Filter>Source Files</Filter>
    </ClCompile>
    <ClCompile Include="Photograph.cpp">
      <Filter>Source Files</Filter>
    </ClCompile>
    <ClCompile Include="Watch.cpp">
      <Filter>Source Files</Filter>
    </ClCompile>
    <ClCompile Include="Lockers.cpp">
      <Filter>Source Files</Filter>
    </ClCompile>
    <ClCompile Include="Drawers.cpp">
      <Filter>Source Files</Filter>
    </ClCompile>
    <ClCompile Include="Doors.cpp">
      <Filter>Source Files</Filter>
    </ClCompile>
    <ClCompile Include="Puzzle.cpp">
      <Filter>Source Files</Filter>
    </ClCompile>
    <ClCompile Include="Note.cpp">
      <Filter>Source Files</Filter>
    </ClCompile>
    <ClCompile Include="PhotoFragment.cpp">
      <Filter>Source Files</Filter>
    </ClCompile>
    <ClCompile Include="Timer.cpp">
      <Filter>Source Files</Filter>
    </ClCompile>
    <ClCompile Include="MainMenu.cpp">
      <Filter>Source Files</Filter>
    </ClCompile>
    <ClCompile Include="Dialogue.cpp">
      <Filter>Source Files</Filter>
    </ClCompile>
  </ItemGroup>
  <ItemGroup>
    <ClInclude Include="Player.h">
      <Filter>Header Files</Filter>
    </ClInclude>
    <ClInclude Include="Game.h">
      <Filter>Header Files</Filter>
    </ClInclude>
    <ClInclude Include="InteractiveObject.h">
      <Filter>Header Files</Filter>
    </ClInclude>
    <ClInclude Include="Map.h">
      <Filter>Header Files</Filter>
    </ClInclude>
    <ClInclude Include="GameObject.h">
      <Filter>Header Files</Filter>
    </ClInclude>
    <ClInclude Include="Puzzle.h">
      <Filter>Header Files</Filter>
    </ClInclude>
    <ClInclude Include="Note.h">
      <Filter>Header Files</Filter>
    </ClInclude>
    <ClInclude Include="Puzzle.h">
      <Filter>Header Files</Filter>
    </ClInclude>
    <ClInclude Include="Clocks.h">
      <Filter>Header Files</Filter>
    </ClInclude>
    <ClInclude Include="Mirrors.h">
      <Filter>Header Files</Filter>
    </ClInclude>
    <ClInclude Include="Posters.h">
      <Filter>Header Files</Filter>
    </ClInclude>
    <ClInclude Include="Phones.h">
      <Filter>Header Files</Filter>
    </ClInclude>
    <ClInclude Include="Letters.h">
      <Filter>Header Files</Filter>
    </ClInclude>
    <ClInclude Include="Suitcase.h">
      <Filter>Header Files</Filter>
    </ClInclude>
    <ClInclude Include="Photograph.h">
      <Filter>Header Files</Filter>
    </ClInclude>
    <ClInclude Include="Watch.h">
      <Filter>Header Files</Filter>
    </ClInclude>
    <ClInclude Include="Lockers.h">
      <Filter>Header Files</Filter>
    </ClInclude>
    <ClInclude Include="Drawers.h">
      <Filter>Header Files</Filter>
    </ClInclude>
    <ClInclude Include="Doors.h">
      <Filter>Header Files</Filter>
    </ClInclude>
    <ClInclude Include="PhotoFragment.h">
      <Filter>Header Files</Filter>
    </ClInclude>
    <ClInclude Include="Timer.h">
      <Filter>Header Files</Filter>
    </ClInclude>
    <ClInclude Include="MapObjects.h">
      <Filter>Header Files</Filter>
    </ClInclude>
    <ClInclude Include="MainMenu.h">
      <Filter>Header Files</Filter>
    </ClInclude>
    <ClInclude Include="Dialogue.h">
      <Filter>Header Files</Filter>
    </ClInclude>
  </ItemGroup>
</Project>